
Microsoft Visual Studio Solution File, Format Version 12.00
# Visual Studio Version 17
VisualStudioVersion = 17.4.33213.308
MinimumVisualStudioVersion = 10.0.40219.1
Project("{FAE04EC0-301F-11D3-BF4B-00C04F79EFBC}") = "ChildProcessManipulation", "ChildProcessManipulation\ChildProcessManipulation.csproj", "{6B30574D-D22F-4B91-A30D-09FBD8725B48}"
EndProject
Project("{FAE04EC0-301F-11D3-BF4B-00C04F79EFBC}") = "ChildProcess1", "ChildProcess1\ChildProcess1.csproj", "{D4F369E1-9FA9-4C0E-BD7D-86DC1C83AB71}"
EndProject
Project("{FAE04EC0-301F-11D3-BF4B-00C04F79EFBC}") = "ChildProcess2", "ChildProcess2\ChildProcess2.csproj", "{AEE5A446-F54A-461C-9E25-15FBF5CBCCA9}"
EndProject
Global
	GlobalSection(SolutionConfigurationPlatforms) = preSolution
		Debug|Any CPU = Debug|Any CPU
		Release|Any CPU = Release|Any CPU
	EndGlobalSection
	GlobalSection(ProjectConfigurationPlatforms) = postSolution
		{6B30574D-D22F-4B91-A30D-09FBD8725B48}.Debug|Any CPU.ActiveCfg = Debug|Any CPU
		{6B30574D-D22F-4B91-A30D-09FBD8725B48}.Debug|Any CPU.Build.0 = Debug|Any CPU
		{6B30574D-D22F-4B91-A30D-09FBD8725B48}.Release|Any CPU.ActiveCfg = Release|Any CPU
		{6B30574D-D22F-4B91-A30D-09FBD8725B48}.Release|Any CPU.Build.0 = Release|Any CPU
		{D4F369E1-9FA9-4C0E-BD7D-86DC1C83AB71}.Debug|Any CPU.ActiveCfg = Debug|Any CPU
		{D4F369E1-9FA9-4C0E-BD7D-86DC1C83AB71}.Debug|Any CPU.Build.0 = Debug|Any CPU
		{D4F369E1-9FA9-4C0E-BD7D-86DC1C83AB71}.Release|Any CPU.ActiveCfg = Release|Any CPU
		{D4F369E1-9FA9-4C0E-BD7D-86DC1C83AB71}.Release|Any CPU.Build.0 = Release|Any CPU
		{AEE5A446-F54A-461C-9E25-15FBF5CBCCA9}.Debug|Any CPU.ActiveCfg = Debug|Any CPU
		{AEE5A446-F54A-461C-9E25-15FBF5CBCCA9}.Debug|Any CPU.Build.0 = Debug|Any CPU
		{AEE5A446-F54A-461C-9E25-15FBF5CBCCA9}.Release|Any CPU.ActiveCfg = Release|Any CPU
		{AEE5A446-F54A-461C-9E25-15FBF5CBCCA9}.Release|Any CPU.Build.0 = Release|Any CPU
	EndGlobalSection
	GlobalSection(SolutionProperties) = preSolution
		HideSolutionNode = FALSE
	EndGlobalSection
	GlobalSection(ExtensibilityGlobals) = postSolution
		SolutionGuid = {23978215-666C-4DDB-912A-4D29892589AF}
	EndGlobalSection
EndGlobal
